// !$*UTF8*$!
{
	archiveVersion = 1;
	classes = {
	};
	objectVersion = 50;
	objects = {

/* Begin PBXBuildFile section */
		A806E30825F95E2A00454624 /* CityWeatherCopyTests.swift in Sources */ = {isa = PBXBuildFile; fileRef = A806E30725F95E2A00454624 /* CityWeatherCopyTests.swift */; };
		A806E30D25FA392A00454624 /* ApiResourceTests.swift in Sources */ = {isa = PBXBuildFile; fileRef = A806E30C25FA392900454624 /* ApiResourceTests.swift */; };
		A806E31525FA433600454624 /* ParseManagerTests.swift in Sources */ = {isa = PBXBuildFile; fileRef = A806E31425FA433600454624 /* ParseManagerTests.swift */; };
		A806E31925FB737800454624 /* NetworkManagerTests.swift in Sources */ = {isa = PBXBuildFile; fileRef = A806E31825FB737800454624 /* NetworkManagerTests.swift */; };
		A81BDFC825DC3C37002788F2 /* СollectionTableViewCell.swift in Sources */ = {isa = PBXBuildFile; fileRef = A81BDFC725DC3C37002788F2 /* СollectionTableViewCell.swift */; };
		A83D123025E3EB5100074F91 /* BackgroundView.swift in Sources */ = {isa = PBXBuildFile; fileRef = A83D122F25E3EB5100074F91 /* BackgroundView.swift */; };
		A83D123825E3EC4100074F91 /* CityWeatherHourly+CoreDataClass.swift in Sources */ = {isa = PBXBuildFile; fileRef = A83D123425E3EC4100074F91 /* CityWeatherHourly+CoreDataClass.swift */; };
		A83D123925E3EC4100074F91 /* CityWeatherHourly+CoreDataProperties.swift in Sources */ = {isa = PBXBuildFile; fileRef = A83D123525E3EC4100074F91 /* CityWeatherHourly+CoreDataProperties.swift */; };
		A83D123A25E3EC4100074F91 /* CityWeather+CoreDataClass.swift in Sources */ = {isa = PBXBuildFile; fileRef = A83D123625E3EC4100074F91 /* CityWeather+CoreDataClass.swift */; };
		A83D123B25E3EC4100074F91 /* CityWeather+CoreDataProperties.swift in Sources */ = {isa = PBXBuildFile; fileRef = A83D123725E3EC4100074F91 /* CityWeather+CoreDataProperties.swift */; };
		A84B18A725DAEE9300A8492A /* СityWeatherHourlyCopy.swift in Sources */ = {isa = PBXBuildFile; fileRef = A84B18A625DAEE9300A8492A /* СityWeatherHourlyCopy.swift */; };
		A853ACF725CADDDF0023BD3D /* DetailsViewController.swift in Sources */ = {isa = PBXBuildFile; fileRef = A853ACF625CADDDF0023BD3D /* DetailsViewController.swift */; };
		A853ACFF25CADE470023BD3D /* HeadingTableViewCell.swift in Sources */ = {isa = PBXBuildFile; fileRef = A853ACFE25CADE470023BD3D /* HeadingTableViewCell.swift */; };
		A853AD0625CAE08C0023BD3D /* DetailsViewControllerAssembly.swift in Sources */ = {isa = PBXBuildFile; fileRef = A853AD0525CAE08C0023BD3D /* DetailsViewControllerAssembly.swift */; };
		A859339B2599DB20008D3E66 /* NetworkManager.swift in Sources */ = {isa = PBXBuildFile; fileRef = A859339A2599DB20008D3E66 /* NetworkManager.swift */; };
		A859339E2599DB31008D3E66 /* ParseManager.swift in Sources */ = {isa = PBXBuildFile; fileRef = A859339D2599DB31008D3E66 /* ParseManager.swift */; };
		A85933A22599DBFD008D3E66 /* QueryService.swift in Sources */ = {isa = PBXBuildFile; fileRef = A85933A12599DBFD008D3E66 /* QueryService.swift */; };
		A85F70D725A0882200600884 /* AsyncOperation.swift in Sources */ = {isa = PBXBuildFile; fileRef = A85F70D625A0882200600884 /* AsyncOperation.swift */; };
		A85F70DE25A08BA800600884 /* LoadOperation.swift in Sources */ = {isa = PBXBuildFile; fileRef = A85F70DD25A08BA800600884 /* LoadOperation.swift */; };
		A85F70F025A3752600600884 /* SettingsViewController.swift in Sources */ = {isa = PBXBuildFile; fileRef = A85F70EF25A3752600600884 /* SettingsViewController.swift */; };
		A85F70F525A399D700600884 /* SettingsView.swift in Sources */ = {isa = PBXBuildFile; fileRef = A85F70F425A399D700600884 /* SettingsView.swift */; };
		A86584EA25F649FD00ECFDA6 /* CityWeatherHourlyCopyTests.swift in Sources */ = {isa = PBXBuildFile; fileRef = A86584E925F649FD00ECFDA6 /* CityWeatherHourlyCopyTests.swift */; };
		A86851EC25ED17E4004D7503 /* ListViewController+AlertController.swift in Sources */ = {isa = PBXBuildFile; fileRef = A86851EB25ED17E4004D7503 /* ListViewController+AlertController.swift */; };
		A86851F125ED2587004D7503 /* Protocols.swift in Sources */ = {isa = PBXBuildFile; fileRef = A86851F025ED2587004D7503 /* Protocols.swift */; };
		A86851F425ED25F7004D7503 /* CollectionTableModel.swift in Sources */ = {isa = PBXBuildFile; fileRef = A86851F325ED25F7004D7503 /* CollectionTableModel.swift */; };
		A86851F925ED2665004D7503 /* HeadingModel.swift in Sources */ = {isa = PBXBuildFile; fileRef = A86851F825ED2665004D7503 /* HeadingModel.swift */; };
		A88588F825ED51D700C22796 /* DefaultModel.swift in Sources */ = {isa = PBXBuildFile; fileRef = A88588F725ED51D700C22796 /* DefaultModel.swift */; };
		A88588FB25ED524D00C22796 /* DefaultTableViewCell.swift in Sources */ = {isa = PBXBuildFile; fileRef = A88588FA25ED524D00C22796 /* DefaultTableViewCell.swift */; };
		A89259A325D80B1100E0C5DB /* ApiResource.swift in Sources */ = {isa = PBXBuildFile; fileRef = A89259A225D80B1100E0C5DB /* ApiResource.swift */; };
		A89259A925D812AC00E0C5DB /* BasePath.swift in Sources */ = {isa = PBXBuildFile; fileRef = A89259A825D812AC00E0C5DB /* BasePath.swift */; };
		A893304F25500C74004C50F9 /* AppDelegate.swift in Sources */ = {isa = PBXBuildFile; fileRef = A893304E25500C74004C50F9 /* AppDelegate.swift */; };
		A893305125500C74004C50F9 /* SceneDelegate.swift in Sources */ = {isa = PBXBuildFile; fileRef = A893305025500C74004C50F9 /* SceneDelegate.swift */; };
		A893305825500C76004C50F9 /* Assets.xcassets in Resources */ = {isa = PBXBuildFile; fileRef = A893305725500C76004C50F9 /* Assets.xcassets */; };
		A893305B25500C76004C50F9 /* LaunchScreen.storyboard in Resources */ = {isa = PBXBuildFile; fileRef = A893305925500C76004C50F9 /* LaunchScreen.storyboard */; };
		A893306925506E47004C50F9 /* СityWeatherData.swift in Sources */ = {isa = PBXBuildFile; fileRef = A893306825506E47004C50F9 /* СityWeatherData.swift */; };
		A893306C25506E69004C50F9 /* СityWeatherCopy.swift in Sources */ = {isa = PBXBuildFile; fileRef = A893306B25506E69004C50F9 /* СityWeatherCopy.swift */; };
		A8986CDF25D167FF0018B6D8 /* UDParameter.swift in Sources */ = {isa = PBXBuildFile; fileRef = A8986CDE25D167FF0018B6D8 /* UDParameter.swift */; };
		A8B2438625A66F3000C800DF /* ListViewControllerAssembly.swift in Sources */ = {isa = PBXBuildFile; fileRef = A8B2438525A66F3000C800DF /* ListViewControllerAssembly.swift */; };
		A8B606DF25A5DC1F00962EC7 /* NetworkManagerError.swift in Sources */ = {isa = PBXBuildFile; fileRef = A8B606DE25A5DC1F00962EC7 /* NetworkManagerError.swift */; };
		A8CB34D725DA846300AA4892 /* СityWeatherHourlyData.swift in Sources */ = {isa = PBXBuildFile; fileRef = A8CB34D625DA846300AA4892 /* СityWeatherHourlyData.swift */; };
		A8CCA01E25DE5B0100CA3F34 /* CollectionViewCell.swift in Sources */ = {isa = PBXBuildFile; fileRef = A8CCA01D25DE5B0100CA3F34 /* CollectionViewCell.swift */; };
		A8CCA02325DE7E6800CA3F34 /* DetailsViewController+AlertController.swift in Sources */ = {isa = PBXBuildFile; fileRef = A8CCA02225DE7E6800CA3F34 /* DetailsViewController+AlertController.swift */; };
		A8D5ADD525948FE900DF72DD /* TapBarController.swift in Sources */ = {isa = PBXBuildFile; fileRef = A8D5ADD425948FE900DF72DD /* TapBarController.swift */; };
		A8D5ADDE2594959500DF72DD /* ListViewController.swift in Sources */ = {isa = PBXBuildFile; fileRef = A8D5ADDD2594959500DF72DD /* ListViewController.swift */; };
		A8DB8D5625CC374F00890A82 /* SearchCitiesViewController.swift in Sources */ = {isa = PBXBuildFile; fileRef = A8DB8D5525CC374F00890A82 /* SearchCitiesViewController.swift */; };
		A8E5873F2598B0A60087282C /* CityWeatherModel.xcdatamodeld in Sources */ = {isa = PBXBuildFile; fileRef = A8E5873C2598B0A60087282C /* CityWeatherModel.xcdatamodeld */; };
		A8E6566F25CD8F0F0039E0D7 /* UserDefaultsManager.swift in Sources */ = {isa = PBXBuildFile; fileRef = A8E6566E25CD8F0F0039E0D7 /* UserDefaultsManager.swift */; };
		A8EA702D25949AF000E499AA /* ListTableViewCell.swift in Sources */ = {isa = PBXBuildFile; fileRef = A8EA702C25949AF000E499AA /* ListTableViewCell.swift */; };
		A8EA703D2594AAA700E499AA /* CoreDataService.swift in Sources */ = {isa = PBXBuildFile; fileRef = A8EA703C2594AAA700E499AA /* CoreDataService.swift */; };
/* End PBXBuildFile section */

/* Begin PBXContainerItemProxy section */
		A86584EC25F649FD00ECFDA6 /* PBXContainerItemProxy */ = {
			isa = PBXContainerItemProxy;
			containerPortal = A893304325500C74004C50F9 /* Project object */;
			proxyType = 1;
			remoteGlobalIDString = A893304A25500C74004C50F9;
			remoteInfo = Forecast;
		};
/* End PBXContainerItemProxy section */

/* Begin PBXFileReference section */
		A806E30725F95E2A00454624 /* CityWeatherCopyTests.swift */ = {isa = PBXFileReference; lastKnownFileType = sourcecode.swift; path = CityWeatherCopyTests.swift; sourceTree = "<group>"; };
		A806E30C25FA392900454624 /* ApiResourceTests.swift */ = {isa = PBXFileReference; lastKnownFileType = sourcecode.swift; path = ApiResourceTests.swift; sourceTree = "<group>"; };
		A806E31425FA433600454624 /* ParseManagerTests.swift */ = {isa = PBXFileReference; lastKnownFileType = sourcecode.swift; path = ParseManagerTests.swift; sourceTree = "<group>"; };
		A806E31825FB737800454624 /* NetworkManagerTests.swift */ = {isa = PBXFileReference; lastKnownFileType = sourcecode.swift; path = NetworkManagerTests.swift; sourceTree = "<group>"; };
		A81BDFC725DC3C37002788F2 /* СollectionTableViewCell.swift */ = {isa = PBXFileReference; lastKnownFileType = sourcecode.swift; path = "СollectionTableViewCell.swift"; sourceTree = "<group>"; };
		A83D122F25E3EB5100074F91 /* BackgroundView.swift */ = {isa = PBXFileReference; lastKnownFileType = sourcecode.swift; path = BackgroundView.swift; sourceTree = "<group>"; };
		A83D123425E3EC4100074F91 /* CityWeatherHourly+CoreDataClass.swift */ = {isa = PBXFileReference; lastKnownFileType = sourcecode.swift; name = "CityWeatherHourly+CoreDataClass.swift"; path = "Forecast/Model/CoreData/CoreDataModel/CityWeatherHourly+CoreDataClass.swift"; sourceTree = SOURCE_ROOT; };
		A83D123525E3EC4100074F91 /* CityWeatherHourly+CoreDataProperties.swift */ = {isa = PBXFileReference; lastKnownFileType = sourcecode.swift; name = "CityWeatherHourly+CoreDataProperties.swift"; path = "Forecast/Model/CoreData/CoreDataModel/CityWeatherHourly+CoreDataProperties.swift"; sourceTree = SOURCE_ROOT; };
		A83D123625E3EC4100074F91 /* CityWeather+CoreDataClass.swift */ = {isa = PBXFileReference; lastKnownFileType = sourcecode.swift; name = "CityWeather+CoreDataClass.swift"; path = "Forecast/Model/CoreData/CoreDataModel/CityWeather+CoreDataClass.swift"; sourceTree = SOURCE_ROOT; };
		A83D123725E3EC4100074F91 /* CityWeather+CoreDataProperties.swift */ = {isa = PBXFileReference; lastKnownFileType = sourcecode.swift; name = "CityWeather+CoreDataProperties.swift"; path = "Forecast/Model/CoreData/CoreDataModel/CityWeather+CoreDataProperties.swift"; sourceTree = SOURCE_ROOT; };
		A84B18A625DAEE9300A8492A /* СityWeatherHourlyCopy.swift */ = {isa = PBXFileReference; lastKnownFileType = sourcecode.swift; path = "СityWeatherHourlyCopy.swift"; sourceTree = "<group>"; };
		A853ACF625CADDDF0023BD3D /* DetailsViewController.swift */ = {isa = PBXFileReference; lastKnownFileType = sourcecode.swift; path = DetailsViewController.swift; sourceTree = "<group>"; };
		A853ACFE25CADE470023BD3D /* HeadingTableViewCell.swift */ = {isa = PBXFileReference; lastKnownFileType = sourcecode.swift; path = HeadingTableViewCell.swift; sourceTree = "<group>"; };
		A853AD0525CAE08C0023BD3D /* DetailsViewControllerAssembly.swift */ = {isa = PBXFileReference; lastKnownFileType = sourcecode.swift; path = DetailsViewControllerAssembly.swift; sourceTree = "<group>"; };
		A859339A2599DB20008D3E66 /* NetworkManager.swift */ = {isa = PBXFileReference; lastKnownFileType = sourcecode.swift; path = NetworkManager.swift; sourceTree = "<group>"; };
		A859339D2599DB31008D3E66 /* ParseManager.swift */ = {isa = PBXFileReference; lastKnownFileType = sourcecode.swift; path = ParseManager.swift; sourceTree = "<group>"; };
		A85933A12599DBFD008D3E66 /* QueryService.swift */ = {isa = PBXFileReference; lastKnownFileType = sourcecode.swift; path = QueryService.swift; sourceTree = "<group>"; };
		A85F70D625A0882200600884 /* AsyncOperation.swift */ = {isa = PBXFileReference; lastKnownFileType = sourcecode.swift; path = AsyncOperation.swift; sourceTree = "<group>"; };
		A85F70DD25A08BA800600884 /* LoadOperation.swift */ = {isa = PBXFileReference; lastKnownFileType = sourcecode.swift; path = LoadOperation.swift; sourceTree = "<group>"; };
		A85F70EF25A3752600600884 /* SettingsViewController.swift */ = {isa = PBXFileReference; lastKnownFileType = sourcecode.swift; path = SettingsViewController.swift; sourceTree = "<group>"; };
		A85F70F425A399D700600884 /* SettingsView.swift */ = {isa = PBXFileReference; lastKnownFileType = sourcecode.swift; path = SettingsView.swift; sourceTree = "<group>"; };
		A86584E725F649FD00ECFDA6 /* ForecastTests.xctest */ = {isa = PBXFileReference; explicitFileType = wrapper.cfbundle; includeInIndex = 0; path = ForecastTests.xctest; sourceTree = BUILT_PRODUCTS_DIR; };
		A86584E925F649FD00ECFDA6 /* CityWeatherHourlyCopyTests.swift */ = {isa = PBXFileReference; lastKnownFileType = sourcecode.swift; path = CityWeatherHourlyCopyTests.swift; sourceTree = "<group>"; };
		A86584EB25F649FD00ECFDA6 /* Info.plist */ = {isa = PBXFileReference; lastKnownFileType = text.plist.xml; path = Info.plist; sourceTree = "<group>"; };
		A86851EB25ED17E4004D7503 /* ListViewController+AlertController.swift */ = {isa = PBXFileReference; lastKnownFileType = sourcecode.swift; path = "ListViewController+AlertController.swift"; sourceTree = "<group>"; };
		A86851F025ED2587004D7503 /* Protocols.swift */ = {isa = PBXFileReference; lastKnownFileType = sourcecode.swift; path = Protocols.swift; sourceTree = "<group>"; };
		A86851F325ED25F7004D7503 /* CollectionTableModel.swift */ = {isa = PBXFileReference; lastKnownFileType = sourcecode.swift; path = CollectionTableModel.swift; sourceTree = "<group>"; };
		A86851F825ED2665004D7503 /* HeadingModel.swift */ = {isa = PBXFileReference; lastKnownFileType = sourcecode.swift; path = HeadingModel.swift; sourceTree = "<group>"; };
		A88588F725ED51D700C22796 /* DefaultModel.swift */ = {isa = PBXFileReference; lastKnownFileType = sourcecode.swift; path = DefaultModel.swift; sourceTree = "<group>"; };
		A88588FA25ED524D00C22796 /* DefaultTableViewCell.swift */ = {isa = PBXFileReference; lastKnownFileType = sourcecode.swift; path = DefaultTableViewCell.swift; sourceTree = "<group>"; };
		A89259A225D80B1100E0C5DB /* ApiResource.swift */ = {isa = PBXFileReference; lastKnownFileType = sourcecode.swift; path = ApiResource.swift; sourceTree = "<group>"; };
		A89259A825D812AC00E0C5DB /* BasePath.swift */ = {isa = PBXFileReference; lastKnownFileType = sourcecode.swift; path = BasePath.swift; sourceTree = "<group>"; };
		A893304B25500C74004C50F9 /* Forecast.app */ = {isa = PBXFileReference; explicitFileType = wrapper.application; includeInIndex = 0; path = Forecast.app; sourceTree = BUILT_PRODUCTS_DIR; };
		A893304E25500C74004C50F9 /* AppDelegate.swift */ = {isa = PBXFileReference; lastKnownFileType = sourcecode.swift; path = AppDelegate.swift; sourceTree = "<group>"; };
		A893305025500C74004C50F9 /* SceneDelegate.swift */ = {isa = PBXFileReference; lastKnownFileType = sourcecode.swift; path = SceneDelegate.swift; sourceTree = "<group>"; };
		A893305725500C76004C50F9 /* Assets.xcassets */ = {isa = PBXFileReference; lastKnownFileType = folder.assetcatalog; path = Assets.xcassets; sourceTree = "<group>"; };
		A893305A25500C76004C50F9 /* Base */ = {isa = PBXFileReference; lastKnownFileType = file.storyboard; name = Base; path = Base.lproj/LaunchScreen.storyboard; sourceTree = "<group>"; };
		A893305C25500C76004C50F9 /* Info.plist */ = {isa = PBXFileReference; lastKnownFileType = text.plist.xml; path = Info.plist; sourceTree = "<group>"; };
		A893306825506E47004C50F9 /* СityWeatherData.swift */ = {isa = PBXFileReference; lastKnownFileType = sourcecode.swift; path = "СityWeatherData.swift"; sourceTree = "<group>"; };
		A893306B25506E69004C50F9 /* СityWeatherCopy.swift */ = {isa = PBXFileReference; lastKnownFileType = sourcecode.swift; path = "СityWeatherCopy.swift"; sourceTree = "<group>"; };
		A8986CDE25D167FF0018B6D8 /* UDParameter.swift */ = {isa = PBXFileReference; lastKnownFileType = sourcecode.swift; path = UDParameter.swift; sourceTree = "<group>"; };
		A8B2438525A66F3000C800DF /* ListViewControllerAssembly.swift */ = {isa = PBXFileReference; lastKnownFileType = sourcecode.swift; path = ListViewControllerAssembly.swift; sourceTree = "<group>"; };
		A8B606DE25A5DC1F00962EC7 /* NetworkManagerError.swift */ = {isa = PBXFileReference; lastKnownFileType = sourcecode.swift; path = NetworkManagerError.swift; sourceTree = "<group>"; };
		A8CB34D625DA846300AA4892 /* СityWeatherHourlyData.swift */ = {isa = PBXFileReference; lastKnownFileType = sourcecode.swift; path = "СityWeatherHourlyData.swift"; sourceTree = "<group>"; };
		A8CCA01D25DE5B0100CA3F34 /* CollectionViewCell.swift */ = {isa = PBXFileReference; lastKnownFileType = sourcecode.swift; path = CollectionViewCell.swift; sourceTree = "<group>"; };
		A8CCA02225DE7E6800CA3F34 /* DetailsViewController+AlertController.swift */ = {isa = PBXFileReference; lastKnownFileType = sourcecode.swift; path = "DetailsViewController+AlertController.swift"; sourceTree = "<group>"; };
		A8D5ADD425948FE900DF72DD /* TapBarController.swift */ = {isa = PBXFileReference; lastKnownFileType = sourcecode.swift; path = TapBarController.swift; sourceTree = "<group>"; };
		A8D5ADDD2594959500DF72DD /* ListViewController.swift */ = {isa = PBXFileReference; lastKnownFileType = sourcecode.swift; path = ListViewController.swift; sourceTree = "<group>"; };
		A8DB8D5525CC374F00890A82 /* SearchCitiesViewController.swift */ = {isa = PBXFileReference; lastKnownFileType = sourcecode.swift; path = SearchCitiesViewController.swift; sourceTree = "<group>"; };
		A8E5873D2598B0A60087282C /* Weather.xcdatamodel */ = {isa = PBXFileReference; lastKnownFileType = wrapper.xcdatamodel; path = Weather.xcdatamodel; sourceTree = "<group>"; };
		A8E5873E2598B0A60087282C /* CityWeather.xcdatamodel */ = {isa = PBXFileReference; lastKnownFileType = wrapper.xcdatamodel; path = CityWeather.xcdatamodel; sourceTree = "<group>"; };
		A8E6566E25CD8F0F0039E0D7 /* UserDefaultsManager.swift */ = {isa = PBXFileReference; lastKnownFileType = sourcecode.swift; path = UserDefaultsManager.swift; sourceTree = "<group>"; };
		A8EA702C25949AF000E499AA /* ListTableViewCell.swift */ = {isa = PBXFileReference; lastKnownFileType = sourcecode.swift; path = ListTableViewCell.swift; sourceTree = "<group>"; };
		A8EA703C2594AAA700E499AA /* CoreDataService.swift */ = {isa = PBXFileReference; lastKnownFileType = sourcecode.swift; path = CoreDataService.swift; sourceTree = "<group>"; };
/* End PBXFileReference section */

/* Begin PBXFrameworksBuildPhase section */
		A86584E425F649FD00ECFDA6 /* Frameworks */ = {
			isa = PBXFrameworksBuildPhase;
			buildActionMask = 2147483647;
			files = (
			);
			runOnlyForDeploymentPostprocessing = 0;
		};
		A893304825500C74004C50F9 /* Frameworks */ = {
			isa = PBXFrameworksBuildPhase;
			buildActionMask = 2147483647;
			files = (
			);
			runOnlyForDeploymentPostprocessing = 0;
		};
/* End PBXFrameworksBuildPhase section */

/* Begin PBXGroup section */
		A806E2E625F6A98A00454624 /* Model */ = {
			isa = PBXGroup;
			children = (
				A86584E925F649FD00ECFDA6 /* CityWeatherHourlyCopyTests.swift */,
				A806E30725F95E2A00454624 /* CityWeatherCopyTests.swift */,
			);
			path = Model;
			sourceTree = "<group>";
		};
		A806E30B25FA38C300454624 /* Networking */ = {
			isa = PBXGroup;
			children = (
				A806E30C25FA392900454624 /* ApiResourceTests.swift */,
				A806E31425FA433600454624 /* ParseManagerTests.swift */,
				A806E31825FB737800454624 /* NetworkManagerTests.swift */,
			);
			path = Networking;
			sourceTree = "<group>";
		};
		A85F70EC25A213DD00600884 /* SettingsViewController */ = {
			isa = PBXGroup;
			children = (
				A85F70EF25A3752600600884 /* SettingsViewController.swift */,
				A887CD1D25A5C98E0059A63E /* SettingsView */,
			);
			path = SettingsViewController;
			sourceTree = "<group>";
		};
		A86584E825F649FD00ECFDA6 /* ForecastTests */ = {
			isa = PBXGroup;
			children = (
				A806E30B25FA38C300454624 /* Networking */,
				A806E2E625F6A98A00454624 /* Model */,
				A86584EB25F649FD00ECFDA6 /* Info.plist */,
			);
			path = ForecastTests;
			sourceTree = "<group>";
		};
		A86851EF25ED256A004D7503 /* Protocols */ = {
			isa = PBXGroup;
			children = (
				A86851F025ED2587004D7503 /* Protocols.swift */,
			);
			path = Protocols;
			sourceTree = "<group>";
		};
		A86851F625ED2631004D7503 /* Models */ = {
			isa = PBXGroup;
			children = (
				A86851F325ED25F7004D7503 /* CollectionTableModel.swift */,
				A86851F825ED2665004D7503 /* HeadingModel.swift */,
				A88588F725ED51D700C22796 /* DefaultModel.swift */,
			);
			path = Models;
			sourceTree = "<group>";
		};
		A87B5DC525EA8FB900E0BCEC /* ApiResource */ = {
			isa = PBXGroup;
			children = (
				A89259A225D80B1100E0C5DB /* ApiResource.swift */,
				A89259A825D812AC00E0C5DB /* BasePath.swift */,
			);
			path = ApiResource;
			sourceTree = "<group>";
		};
		A887CD1C25A5C79F0059A63E /* Model */ = {
			isa = PBXGroup;
			children = (
				A8EA703B2594AA7E00E499AA /* CoreData */,
				A893306B25506E69004C50F9 /* СityWeatherCopy.swift */,
				A84B18A625DAEE9300A8492A /* СityWeatherHourlyCopy.swift */,
				A893306825506E47004C50F9 /* СityWeatherData.swift */,
				A8CB34D625DA846300AA4892 /* СityWeatherHourlyData.swift */,
			);
			path = Model;
			sourceTree = "<group>";
		};
		A887CD1D25A5C98E0059A63E /* SettingsView */ = {
			isa = PBXGroup;
			children = (
				A85F70F425A399D700600884 /* SettingsView.swift */,
			);
			path = SettingsView;
			sourceTree = "<group>";
		};
		A887CD1F25A5C9FE0059A63E /* ListTableViewCell */ = {
			isa = PBXGroup;
			children = (
				A8EA702C25949AF000E499AA /* ListTableViewCell.swift */,
			);
			path = ListTableViewCell;
			sourceTree = "<group>";
		};
		A887CD2125A5CD1D0059A63E /* AsyncOperation */ = {
			isa = PBXGroup;
			children = (
				A85F70D625A0882200600884 /* AsyncOperation.swift */,
				A85F70DD25A08BA800600884 /* LoadOperation.swift */,
			);
			path = AsyncOperation;
			sourceTree = "<group>";
		};
		A887CD2325A5CD910059A63E /* ParseManager */ = {
			isa = PBXGroup;
			children = (
				A859339D2599DB31008D3E66 /* ParseManager.swift */,
			);
			path = ParseManager;
			sourceTree = "<group>";
		};
		A887CD2425A5CDA60059A63E /* NetworkManager */ = {
			isa = PBXGroup;
			children = (
				A859339A2599DB20008D3E66 /* NetworkManager.swift */,
				A8B606DE25A5DC1F00962EC7 /* NetworkManagerError.swift */,
			);
			path = NetworkManager;
			sourceTree = "<group>";
		};
		A893304225500C74004C50F9 = {
			isa = PBXGroup;
			children = (
				A893304D25500C74004C50F9 /* Forecast */,
				A86584E825F649FD00ECFDA6 /* ForecastTests */,
				A893304C25500C74004C50F9 /* Products */,
			);
			sourceTree = "<group>";
		};
		A893304C25500C74004C50F9 /* Products */ = {
			isa = PBXGroup;
			children = (
				A893304B25500C74004C50F9 /* Forecast.app */,
				A86584E725F649FD00ECFDA6 /* ForecastTests.xctest */,
			);
			name = Products;
			sourceTree = "<group>";
		};
		A893304D25500C74004C50F9 /* Forecast */ = {
			isa = PBXGroup;
			children = (
				A8E587522598D6B90087282C /* UserDefaults */,
				A887CD1C25A5C79F0059A63E /* Model */,
				A8E587472598D5140087282C /* Networking */,
				A8D5ADE0259495B200DF72DD /* Controllers */,
				A893304E25500C74004C50F9 /* AppDelegate.swift */,
				A893305025500C74004C50F9 /* SceneDelegate.swift */,
				A893305725500C76004C50F9 /* Assets.xcassets */,
				A893305925500C76004C50F9 /* LaunchScreen.storyboard */,
				A893305C25500C76004C50F9 /* Info.plist */,
			);
			path = Forecast;
			sourceTree = "<group>";
		};
		A8986CEA25D17F670018B6D8 /* SearchCitiesViewController */ = {
			isa = PBXGroup;
			children = (
				A8DB8D5525CC374F00890A82 /* SearchCitiesViewController.swift */,
			);
			path = SearchCitiesViewController;
			sourceTree = "<group>";
		};
		A89B23EC25EA90E700681F57 /* CoreDataModel */ = {
			isa = PBXGroup;
			children = (
				A83D123425E3EC4100074F91 /* CityWeatherHourly+CoreDataClass.swift */,
				A83D123525E3EC4100074F91 /* CityWeatherHourly+CoreDataProperties.swift */,
				A83D123625E3EC4100074F91 /* CityWeather+CoreDataClass.swift */,
				A83D123725E3EC4100074F91 /* CityWeather+CoreDataProperties.swift */,
				A8E5873C2598B0A60087282C /* CityWeatherModel.xcdatamodeld */,
			);
			path = CoreDataModel;
			sourceTree = "<group>";
		};
		A89B23ED25EA90FF00681F57 /* CoreDataService */ = {
			isa = PBXGroup;
			children = (
				A8EA703C2594AAA700E499AA /* CoreDataService.swift */,
			);
			path = CoreDataService;
			sourceTree = "<group>";
		};
		A8B606E225A5E21C00962EC7 /* QueryService */ = {
			isa = PBXGroup;
			children = (
				A85933A12599DBFD008D3E66 /* QueryService.swift */,
			);
			path = QueryService;
			sourceTree = "<group>";
		};
		A8CCA02125DE7D0600CA3F34 /* Cells */ = {
			isa = PBXGroup;
			children = (
				A8CCA01D25DE5B0100CA3F34 /* CollectionViewCell.swift */,
				A853ACFE25CADE470023BD3D /* HeadingTableViewCell.swift */,
				A81BDFC725DC3C37002788F2 /* СollectionTableViewCell.swift */,
				A83D122F25E3EB5100074F91 /* BackgroundView.swift */,
				A88588FA25ED524D00C22796 /* DefaultTableViewCell.swift */,
			);
			path = Cells;
			sourceTree = "<group>";
		};
		A8D5ADE0259495B200DF72DD /* Controllers */ = {
			isa = PBXGroup;
			children = (
				A8E5874F2598D66F0087282C /* TapBarController */,
				A8E587502598D6790087282C /* DetailsViewController */,
				A8E5874D2598D6130087282C /* ListViewController */,
				A8986CEA25D17F670018B6D8 /* SearchCitiesViewController */,
				A85F70EC25A213DD00600884 /* SettingsViewController */,
			);
			path = Controllers;
			sourceTree = "<group>";
		};
		A8E587472598D5140087282C /* Networking */ = {
			isa = PBXGroup;
			children = (
				A8B606E225A5E21C00962EC7 /* QueryService */,
				A887CD2425A5CDA60059A63E /* NetworkManager */,
				A887CD2325A5CD910059A63E /* ParseManager */,
				A87B5DC525EA8FB900E0BCEC /* ApiResource */,
				A887CD2125A5CD1D0059A63E /* AsyncOperation */,
			);
			path = Networking;
			sourceTree = "<group>";
		};
		A8E5874D2598D6130087282C /* ListViewController */ = {
			isa = PBXGroup;
			children = (
				A8B2438525A66F3000C800DF /* ListViewControllerAssembly.swift */,
				A8D5ADDD2594959500DF72DD /* ListViewController.swift */,
				A86851EB25ED17E4004D7503 /* ListViewController+AlertController.swift */,
				A887CD1F25A5C9FE0059A63E /* ListTableViewCell */,
			);
			path = ListViewController;
			sourceTree = "<group>";
		};
		A8E5874F2598D66F0087282C /* TapBarController */ = {
			isa = PBXGroup;
			children = (
				A8D5ADD425948FE900DF72DD /* TapBarController.swift */,
			);
			path = TapBarController;
			sourceTree = "<group>";
		};
		A8E587502598D6790087282C /* DetailsViewController */ = {
			isa = PBXGroup;
			children = (
				A86851EF25ED256A004D7503 /* Protocols */,
				A86851F625ED2631004D7503 /* Models */,
				A8CCA02125DE7D0600CA3F34 /* Cells */,
				A853ACF625CADDDF0023BD3D /* DetailsViewController.swift */,
				A853AD0525CAE08C0023BD3D /* DetailsViewControllerAssembly.swift */,
				A8CCA02225DE7E6800CA3F34 /* DetailsViewController+AlertController.swift */,
			);
			path = DetailsViewController;
			sourceTree = "<group>";
		};
		A8E587522598D6B90087282C /* UserDefaults */ = {
			isa = PBXGroup;
			children = (
				A8E6566E25CD8F0F0039E0D7 /* UserDefaultsManager.swift */,
				A8986CDE25D167FF0018B6D8 /* UDParameter.swift */,
			);
			path = UserDefaults;
			sourceTree = "<group>";
		};
		A8EA703B2594AA7E00E499AA /* CoreData */ = {
			isa = PBXGroup;
			children = (
				A89B23ED25EA90FF00681F57 /* CoreDataService */,
				A89B23EC25EA90E700681F57 /* CoreDataModel */,
			);
			path = CoreData;
			sourceTree = "<group>";
		};
/* End PBXGroup section */

/* Begin PBXNativeTarget section */
		A86584E625F649FD00ECFDA6 /* ForecastTests */ = {
			isa = PBXNativeTarget;
			buildConfigurationList = A86584EE25F649FD00ECFDA6 /* Build configuration list for PBXNativeTarget "ForecastTests" */;
			buildPhases = (
				A86584E325F649FD00ECFDA6 /* Sources */,
				A86584E425F649FD00ECFDA6 /* Frameworks */,
				A86584E525F649FD00ECFDA6 /* Resources */,
			);
			buildRules = (
			);
			dependencies = (
				A86584ED25F649FD00ECFDA6 /* PBXTargetDependency */,
			);
			name = ForecastTests;
			productName = ForecastTests;
			productReference = A86584E725F649FD00ECFDA6 /* ForecastTests.xctest */;
			productType = "com.apple.product-type.bundle.unit-test";
		};
		A893304A25500C74004C50F9 /* Forecast */ = {
			isa = PBXNativeTarget;
			buildConfigurationList = A893305F25500C76004C50F9 /* Build configuration list for PBXNativeTarget "Forecast" */;
			buildPhases = (
				A893304725500C74004C50F9 /* Sources */,
				A893304825500C74004C50F9 /* Frameworks */,
				A893304925500C74004C50F9 /* Resources */,
			);
			buildRules = (
			);
			dependencies = (
			);
			name = Forecast;
			productName = Forecast;
			productReference = A893304B25500C74004C50F9 /* Forecast.app */;
			productType = "com.apple.product-type.application";
		};
/* End PBXNativeTarget section */

/* Begin PBXProject section */
		A893304325500C74004C50F9 /* Project object */ = {
			isa = PBXProject;
			attributes = {
				LastSwiftUpdateCheck = 1230;
				LastUpgradeCheck = 1210;
				TargetAttributes = {
					A86584E625F649FD00ECFDA6 = {
						CreatedOnToolsVersion = 12.3;
						TestTargetID = A893304A25500C74004C50F9;
					};
					A893304A25500C74004C50F9 = {
						CreatedOnToolsVersion = 12.1;
					};
				};
			};
			buildConfigurationList = A893304625500C74004C50F9 /* Build configuration list for PBXProject "Forecast" */;
			compatibilityVersion = "Xcode 9.3";
			developmentRegion = en;
			hasScannedForEncodings = 0;
			knownRegions = (
				en,
				Base,
			);
			mainGroup = A893304225500C74004C50F9;
			productRefGroup = A893304C25500C74004C50F9 /* Products */;
			projectDirPath = "";
			projectRoot = "";
			targets = (
				A893304A25500C74004C50F9 /* Forecast */,
				A86584E625F649FD00ECFDA6 /* ForecastTests */,
			);
		};
/* End PBXProject section */

/* Begin PBXResourcesBuildPhase section */
		A86584E525F649FD00ECFDA6 /* Resources */ = {
			isa = PBXResourcesBuildPhase;
			buildActionMask = 2147483647;
			files = (
			);
			runOnlyForDeploymentPostprocessing = 0;
		};
		A893304925500C74004C50F9 /* Resources */ = {
			isa = PBXResourcesBuildPhase;
			buildActionMask = 2147483647;
			files = (
				A893305B25500C76004C50F9 /* LaunchScreen.storyboard in Resources */,
				A893305825500C76004C50F9 /* Assets.xcassets in Resources */,
			);
			runOnlyForDeploymentPostprocessing = 0;
		};
/* End PBXResourcesBuildPhase section */

/* Begin PBXSourcesBuildPhase section */
		A86584E325F649FD00ECFDA6 /* Sources */ = {
			isa = PBXSourcesBuildPhase;
			buildActionMask = 2147483647;
			files = (
				A806E31925FB737800454624 /* NetworkManagerTests.swift in Sources */,
				A806E30825F95E2A00454624 /* CityWeatherCopyTests.swift in Sources */,
				A86584EA25F649FD00ECFDA6 /* CityWeatherHourlyCopyTests.swift in Sources */,
				A806E30D25FA392A00454624 /* ApiResourceTests.swift in Sources */,
				A806E31525FA433600454624 /* ParseManagerTests.swift in Sources */,
			);
			runOnlyForDeploymentPostprocessing = 0;
		};
		A893304725500C74004C50F9 /* Sources */ = {
			isa = PBXSourcesBuildPhase;
			buildActionMask = 2147483647;
			files = (
				A859339B2599DB20008D3E66 /* NetworkManager.swift in Sources */,
				A8DB8D5625CC374F00890A82 /* SearchCitiesViewController.swift in Sources */,
				A893304F25500C74004C50F9 /* AppDelegate.swift in Sources */,
				A893306925506E47004C50F9 /* СityWeatherData.swift in Sources */,
				A88588F825ED51D700C22796 /* DefaultModel.swift in Sources */,
				A83D123925E3EC4100074F91 /* CityWeatherHourly+CoreDataProperties.swift in Sources */,
				A84B18A725DAEE9300A8492A /* СityWeatherHourlyCopy.swift in Sources */,
				A85F70DE25A08BA800600884 /* LoadOperation.swift in Sources */,
				A8B2438625A66F3000C800DF /* ListViewControllerAssembly.swift in Sources */,
				A893305125500C74004C50F9 /* SceneDelegate.swift in Sources */,
				A86851F125ED2587004D7503 /* Protocols.swift in Sources */,
				A83D123B25E3EC4100074F91 /* CityWeather+CoreDataProperties.swift in Sources */,
				A8EA703D2594AAA700E499AA /* CoreDataService.swift in Sources */,
				A88588FB25ED524D00C22796 /* DefaultTableViewCell.swift in Sources */,
				A86851EC25ED17E4004D7503 /* ListViewController+AlertController.swift in Sources */,
				A8CCA01E25DE5B0100CA3F34 /* CollectionViewCell.swift in Sources */,
				A86851F925ED2665004D7503 /* HeadingModel.swift in Sources */,
				A83D123025E3EB5100074F91 /* BackgroundView.swift in Sources */,
				A85F70D725A0882200600884 /* AsyncOperation.swift in Sources */,
				A853AD0625CAE08C0023BD3D /* DetailsViewControllerAssembly.swift in Sources */,
				A8D5ADD525948FE900DF72DD /* TapBarController.swift in Sources */,
				A8E5873F2598B0A60087282C /* CityWeatherModel.xcdatamodeld in Sources */,
				A853ACFF25CADE470023BD3D /* HeadingTableViewCell.swift in Sources */,
				A89259A325D80B1100E0C5DB /* ApiResource.swift in Sources */,
				A81BDFC825DC3C37002788F2 /* СollectionTableViewCell.swift in Sources */,
				A8B606DF25A5DC1F00962EC7 /* NetworkManagerError.swift in Sources */,
				A859339E2599DB31008D3E66 /* ParseManager.swift in Sources */,
				A85F70F025A3752600600884 /* SettingsViewController.swift in Sources */,
				A8986CDF25D167FF0018B6D8 /* UDParameter.swift in Sources */,
				A8EA702D25949AF000E499AA /* ListTableViewCell.swift in Sources */,
				A86851F425ED25F7004D7503 /* CollectionTableModel.swift in Sources */,
				A89259A925D812AC00E0C5DB /* BasePath.swift in Sources */,
				A8CCA02325DE7E6800CA3F34 /* DetailsViewController+AlertController.swift in Sources */,
				A893306C25506E69004C50F9 /* СityWeatherCopy.swift in Sources */,
				A83D123825E3EC4100074F91 /* CityWeatherHourly+CoreDataClass.swift in Sources */,
				A853ACF725CADDDF0023BD3D /* DetailsViewController.swift in Sources */,
				A83D123A25E3EC4100074F91 /* CityWeather+CoreDataClass.swift in Sources */,
				A8E6566F25CD8F0F0039E0D7 /* UserDefaultsManager.swift in Sources */,
				A85933A22599DBFD008D3E66 /* QueryService.swift in Sources */,
				A8D5ADDE2594959500DF72DD /* ListViewController.swift in Sources */,
				A8CB34D725DA846300AA4892 /* СityWeatherHourlyData.swift in Sources */,
				A85F70F525A399D700600884 /* SettingsView.swift in Sources */,
			);
			runOnlyForDeploymentPostprocessing = 0;
		};
/* End PBXSourcesBuildPhase section */

/* Begin PBXTargetDependency section */
		A86584ED25F649FD00ECFDA6 /* PBXTargetDependency */ = {
			isa = PBXTargetDependency;
			target = A893304A25500C74004C50F9 /* Forecast */;
			targetProxy = A86584EC25F649FD00ECFDA6 /* PBXContainerItemProxy */;
		};
/* End PBXTargetDependency section */

/* Begin PBXVariantGroup section */
		A893305925500C76004C50F9 /* LaunchScreen.storyboard */ = {
			isa = PBXVariantGroup;
			children = (
				A893305A25500C76004C50F9 /* Base */,
			);
			name = LaunchScreen.storyboard;
			sourceTree = "<group>";
		};
/* End PBXVariantGroup section */

/* Begin XCBuildConfiguration section */
		A86584EF25F649FD00ECFDA6 /* Debug */ = {
			isa = XCBuildConfiguration;
			buildSettings = {
				BUNDLE_LOADER = "$(TEST_HOST)";
				CODE_SIGN_STYLE = Automatic;
				DEVELOPMENT_TEAM = U8Z4KVJ957;
				INFOPLIST_FILE = ForecastTests/Info.plist;
				LD_RUNPATH_SEARCH_PATHS = (
					"$(inherited)",
					"@executable_path/Frameworks",
					"@loader_path/Frameworks",
				);
				PRODUCT_BUNDLE_IDENTIFIER = Alexandr.ForecastTests;
				PRODUCT_NAME = "$(TARGET_NAME)";
				SWIFT_VERSION = 5.0;
				TARGETED_DEVICE_FAMILY = "1,2";
				TEST_HOST = "$(BUILT_PRODUCTS_DIR)/Forecast.app/Forecast";
			};
			name = Debug;
		};
		A86584F025F649FD00ECFDA6 /* Release */ = {
			isa = XCBuildConfiguration;
			buildSettings = {
				BUNDLE_LOADER = "$(TEST_HOST)";
				CODE_SIGN_STYLE = Automatic;
				DEVELOPMENT_TEAM = U8Z4KVJ957;
				INFOPLIST_FILE = ForecastTests/Info.plist;
				LD_RUNPATH_SEARCH_PATHS = (
					"$(inherited)",
					"@executable_path/Frameworks",
					"@loader_path/Frameworks",
				);
				PRODUCT_BUNDLE_IDENTIFIER = Alexandr.ForecastTests;
				PRODUCT_NAME = "$(TARGET_NAME)";
				SWIFT_VERSION = 5.0;
				TARGETED_DEVICE_FAMILY = "1,2";
				TEST_HOST = "$(BUILT_PRODUCTS_DIR)/Forecast.app/Forecast";
			};
			name = Release;
		};
		A893305D25500C76004C50F9 /* Debug */ = {
			isa = XCBuildConfiguration;
			buildSettings = {
				ALWAYS_SEARCH_USER_PATHS = NO;
				CLANG_ANALYZER_NONNULL = YES;
				CLANG_ANALYZER_NUMBER_OBJECT_CONVERSION = YES_AGGRESSIVE;
				CLANG_CXX_LANGUAGE_STANDARD = "gnu++14";
				CLANG_CXX_LIBRARY = "libc++";
				CLANG_ENABLE_MODULES = YES;
				CLANG_ENABLE_OBJC_ARC = YES;
				CLANG_ENABLE_OBJC_WEAK = YES;
				CLANG_WARN_BLOCK_CAPTURE_AUTORELEASING = YES;
				CLANG_WARN_BOOL_CONVERSION = YES;
				CLANG_WARN_COMMA = YES;
				CLANG_WARN_CONSTANT_CONVERSION = YES;
				CLANG_WARN_DEPRECATED_OBJC_IMPLEMENTATIONS = YES;
				CLANG_WARN_DIRECT_OBJC_ISA_USAGE = YES_ERROR;
				CLANG_WARN_DOCUMENTATION_COMMENTS = YES;
				CLANG_WARN_EMPTY_BODY = YES;
				CLANG_WARN_ENUM_CONVERSION = YES;
				CLANG_WARN_INFINITE_RECURSION = YES;
				CLANG_WARN_INT_CONVERSION = YES;
				CLANG_WARN_NON_LITERAL_NULL_CONVERSION = YES;
				CLANG_WARN_OBJC_IMPLICIT_RETAIN_SELF = YES;
				CLANG_WARN_OBJC_LITERAL_CONVERSION = YES;
				CLANG_WARN_OBJC_ROOT_CLASS = YES_ERROR;
				CLANG_WARN_QUOTED_INCLUDE_IN_FRAMEWORK_HEADER = YES;
				CLANG_WARN_RANGE_LOOP_ANALYSIS = YES;
				CLANG_WARN_STRICT_PROTOTYPES = YES;
				CLANG_WARN_SUSPICIOUS_MOVE = YES;
				CLANG_WARN_UNGUARDED_AVAILABILITY = YES_AGGRESSIVE;
				CLANG_WARN_UNREACHABLE_CODE = YES;
				CLANG_WARN__DUPLICATE_METHOD_MATCH = YES;
				COPY_PHASE_STRIP = NO;
				DEBUG_INFORMATION_FORMAT = dwarf;
				ENABLE_STRICT_OBJC_MSGSEND = YES;
				ENABLE_TESTABILITY = YES;
				GCC_C_LANGUAGE_STANDARD = gnu11;
				GCC_DYNAMIC_NO_PIC = NO;
				GCC_NO_COMMON_BLOCKS = YES;
				GCC_OPTIMIZATION_LEVEL = 0;
				GCC_PREPROCESSOR_DEFINITIONS = (
					"DEBUG=1",
					"$(inherited)",
				);
				GCC_WARN_64_TO_32_BIT_CONVERSION = YES;
				GCC_WARN_ABOUT_RETURN_TYPE = YES_ERROR;
				GCC_WARN_UNDECLARED_SELECTOR = YES;
				GCC_WARN_UNINITIALIZED_AUTOS = YES_AGGRESSIVE;
				GCC_WARN_UNUSED_FUNCTION = YES;
				GCC_WARN_UNUSED_VARIABLE = YES;
				IPHONEOS_DEPLOYMENT_TARGET = 14.3;
				MTL_ENABLE_DEBUG_INFO = INCLUDE_SOURCE;
				MTL_FAST_MATH = YES;
				ONLY_ACTIVE_ARCH = YES;
				SDKROOT = iphoneos;
				SWIFT_ACTIVE_COMPILATION_CONDITIONS = DEBUG;
				SWIFT_OPTIMIZATION_LEVEL = "-Onone";
			};
			name = Debug;
		};
		A893305E25500C76004C50F9 /* Release */ = {
			isa = XCBuildConfiguration;
			buildSettings = {
				ALWAYS_SEARCH_USER_PATHS = NO;
				CLANG_ANALYZER_NONNULL = YES;
				CLANG_ANALYZER_NUMBER_OBJECT_CONVERSION = YES_AGGRESSIVE;
				CLANG_CXX_LANGUAGE_STANDARD = "gnu++14";
				CLANG_CXX_LIBRARY = "libc++";
				CLANG_ENABLE_MODULES = YES;
				CLANG_ENABLE_OBJC_ARC = YES;
				CLANG_ENABLE_OBJC_WEAK = YES;
				CLANG_WARN_BLOCK_CAPTURE_AUTORELEASING = YES;
				CLANG_WARN_BOOL_CONVERSION = YES;
				CLANG_WARN_COMMA = YES;
				CLANG_WARN_CONSTANT_CONVERSION = YES;
				CLANG_WARN_DEPRECATED_OBJC_IMPLEMENTATIONS = YES;
				CLANG_WARN_DIRECT_OBJC_ISA_USAGE = YES_ERROR;
				CLANG_WARN_DOCUMENTATION_COMMENTS = YES;
				CLANG_WARN_EMPTY_BODY = YES;
				CLANG_WARN_ENUM_CONVERSION = YES;
				CLANG_WARN_INFINITE_RECURSION = YES;
				CLANG_WARN_INT_CONVERSION = YES;
				CLANG_WARN_NON_LITERAL_NULL_CONVERSION = YES;
				CLANG_WARN_OBJC_IMPLICIT_RETAIN_SELF = YES;
				CLANG_WARN_OBJC_LITERAL_CONVERSION = YES;
				CLANG_WARN_OBJC_ROOT_CLASS = YES_ERROR;
				CLANG_WARN_QUOTED_INCLUDE_IN_FRAMEWORK_HEADER = YES;
				CLANG_WARN_RANGE_LOOP_ANALYSIS = YES;
				CLANG_WARN_STRICT_PROTOTYPES = YES;
				CLANG_WARN_SUSPICIOUS_MOVE = YES;
				CLANG_WARN_UNGUARDED_AVAILABILITY = YES_AGGRESSIVE;
				CLANG_WARN_UNREACHABLE_CODE = YES;
				CLANG_WARN__DUPLICATE_METHOD_MATCH = YES;
				COPY_PHASE_STRIP = NO;
				DEBUG_INFORMATION_FORMAT = "dwarf-with-dsym";
				ENABLE_NS_ASSERTIONS = NO;
				ENABLE_STRICT_OBJC_MSGSEND = YES;
				GCC_C_LANGUAGE_STANDARD = gnu11;
				GCC_NO_COMMON_BLOCKS = YES;
				GCC_WARN_64_TO_32_BIT_CONVERSION = YES;
				GCC_WARN_ABOUT_RETURN_TYPE = YES_ERROR;
				GCC_WARN_UNDECLARED_SELECTOR = YES;
				GCC_WARN_UNINITIALIZED_AUTOS = YES_AGGRESSIVE;
				GCC_WARN_UNUSED_FUNCTION = YES;
				GCC_WARN_UNUSED_VARIABLE = YES;
				IPHONEOS_DEPLOYMENT_TARGET = 14.3;
				MTL_ENABLE_DEBUG_INFO = NO;
				MTL_FAST_MATH = YES;
				SDKROOT = iphoneos;
				SWIFT_COMPILATION_MODE = wholemodule;
				SWIFT_OPTIMIZATION_LEVEL = "-O";
				VALIDATE_PRODUCT = YES;
			};
			name = Release;
		};
		A893306025500C76004C50F9 /* Debug */ = {
			isa = XCBuildConfiguration;
			buildSettings = {
				ASSETCATALOG_COMPILER_APPICON_NAME = AppIcon;
				ASSETCATALOG_COMPILER_GLOBAL_ACCENT_COLOR_NAME = AccentColor;
				CODE_SIGN_STYLE = Automatic;
				DEVELOPMENT_TEAM = U8Z4KVJ957;
				INFOPLIST_FILE = Forecast/Info.plist;
				LD_RUNPATH_SEARCH_PATHS = (
					"$(inherited)",
					"@executable_path/Frameworks",
				);
				PRODUCT_BUNDLE_IDENTIFIER = Alexandr.Forecast;
				PRODUCT_NAME = "$(TARGET_NAME)";
				SWIFT_VERSION = 5.0;
				TARGETED_DEVICE_FAMILY = "1,2";
			};
			name = Debug;
		};
		A893306125500C76004C50F9 /* Release */ = {
			isa = XCBuildConfiguration;
			buildSettings = {
				ASSETCATALOG_COMPILER_APPICON_NAME = AppIcon;
				ASSETCATALOG_COMPILER_GLOBAL_ACCENT_COLOR_NAME = AccentColor;
				CODE_SIGN_STYLE = Automatic;
				DEVELOPMENT_TEAM = U8Z4KVJ957;
				INFOPLIST_FILE = Forecast/Info.plist;
				LD_RUNPATH_SEARCH_PATHS = (
					"$(inherited)",
					"@executable_path/Frameworks",
				);
				PRODUCT_BUNDLE_IDENTIFIER = Alexandr.Forecast;
				PRODUCT_NAME = "$(TARGET_NAME)";
				SWIFT_VERSION = 5.0;
				TARGETED_DEVICE_FAMILY = "1,2";
			};
			name = Release;
		};
/* End XCBuildConfiguration section */

/* Begin XCConfigurationList section */
		A86584EE25F649FD00ECFDA6 /* Build configuration list for PBXNativeTarget "ForecastTests" */ = {
			isa = XCConfigurationList;
			buildConfigurations = (
				A86584EF25F649FD00ECFDA6 /* Debug */,
				A86584F025F649FD00ECFDA6 /* Release */,
			);
			defaultConfigurationIsVisible = 0;
			defaultConfigurationName = Release;
		};
		A893304625500C74004C50F9 /* Build configuration list for PBXProject "Forecast" */ = {
			isa = XCConfigurationList;
			buildConfigurations = (
				A893305D25500C76004C50F9 /* Debug */,
				A893305E25500C76004C50F9 /* Release */,
			);
			defaultConfigurationIsVisible = 0;
			defaultConfigurationName = Release;
		};
		A893305F25500C76004C50F9 /* Build configuration list for PBXNativeTarget "Forecast" */ = {
			isa = XCConfigurationList;
			buildConfigurations = (
				A893306025500C76004C50F9 /* Debug */,
				A893306125500C76004C50F9 /* Release */,
			);
			defaultConfigurationIsVisible = 0;
			defaultConfigurationName = Release;
		};
/* End XCConfigurationList section */

/* Begin XCVersionGroup section */
		A8E5873C2598B0A60087282C /* CityWeatherModel.xcdatamodeld */ = {
			isa = XCVersionGroup;
			children = (
				A8E5873D2598B0A60087282C /* Weather.xcdatamodel */,
				A8E5873E2598B0A60087282C /* CityWeather.xcdatamodel */,
			);
			currentVersion = A8E5873D2598B0A60087282C /* Weather.xcdatamodel */;
			path = CityWeatherModel.xcdatamodeld;
			sourceTree = "<group>";
			versionGroupType = wrapper.xcdatamodel;
		};
/* End XCVersionGroup section */
	};
	rootObject = A893304325500C74004C50F9 /* Project object */;
}
